// !$*UTF8*$!
{
	archiveVersion = 1;
	classes = {
	};
	objectVersion = 50;
	objects = {

/* Begin PBXBuildFile section */
		2E94AF92208C2E560010DBE7 /* AppDelegate.m in Sources */ = {isa = PBXBuildFile; fileRef = 2E94AF91208C2E560010DBE7 /* AppDelegate.m */; };
		2E94AF95208C2E560010DBE7 /* ViewController.m in Sources */ = {isa = PBXBuildFile; fileRef = 2E94AF94208C2E560010DBE7 /* ViewController.m */; };
		2E94AF98208C2E560010DBE7 /* Main.storyboard in Resources */ = {isa = PBXBuildFile; fileRef = 2E94AF96208C2E560010DBE7 /* Main.storyboard */; };
		2E94AF9A208C2E570010DBE7 /* Assets.xcassets in Resources */ = {isa = PBXBuildFile; fileRef = 2E94AF99208C2E570010DBE7 /* Assets.xcassets */; };
		2E94AF9D208C2E570010DBE7 /* LaunchScreen.storyboard in Resources */ = {isa = PBXBuildFile; fileRef = 2E94AF9B208C2E570010DBE7 /* LaunchScreen.storyboard */; };
		2E94AFA0208C2E570010DBE7 /* main.m in Sources */ = {isa = PBXBuildFile; fileRef = 2E94AF9F208C2E570010DBE7 /* main.m */; };
		2E94AFAA208C2E570010DBE7 /* GCDTestTests.m in Sources */ = {isa = PBXBuildFile; fileRef = 2E94AFA9208C2E570010DBE7 /* GCDTestTests.m */; };
		2E94AFB5208C2E570010DBE7 /* GCDTestUITests.m in Sources */ = {isa = PBXBuildFile; fileRef = 2E94AFB4208C2E570010DBE7 /* GCDTestUITests.m */; };
/* End PBXBuildFile section */

/* Begin PBXContainerItemProxy section */
		2E94AFA6208C2E570010DBE7 /* PBXContainerItemProxy */ = {
			isa = PBXContainerItemProxy;
			containerPortal = 2E94AF85208C2E560010DBE7 /* Project object */;
			proxyType = 1;
			remoteGlobalIDString = 2E94AF8C208C2E560010DBE7;
			remoteInfo = GCDTest;
		};
		2E94AFB1208C2E570010DBE7 /* PBXContainerItemProxy */ = {
			isa = PBXContainerItemProxy;
			containerPortal = 2E94AF85208C2E560010DBE7 /* Project object */;
			proxyType = 1;
			remoteGlobalIDString = 2E94AF8C208C2E560010DBE7;
			remoteInfo = GCDTest;
		};
/* End PBXContainerItemProxy section */

/* Begin PBXFileReference section */
		2E94AF8D208C2E560010DBE7 /* GCDTest.app */ = {isa = PBXFileReference; explicitFileType = wrapper.application; includeInIndex = 0; path = GCDTest.app; sourceTree = BUILT_PRODUCTS_DIR; };
		2E94AF90208C2E560010DBE7 /* AppDelegate.h */ = {isa = PBXFileReference; lastKnownFileType = sourcecode.c.h; path = AppDelegate.h; sourceTree = "<group>"; };
		2E94AF91208C2E560010DBE7 /* AppDelegate.m */ = {isa = PBXFileReference; lastKnownFileType = sourcecode.c.objc; path = AppDelegate.m; sourceTree = "<group>"; };
		2E94AF93208C2E560010DBE7 /* ViewController.h */ = {isa = PBXFileReference; lastKnownFileType = sourcecode.c.h; path = ViewController.h; sourceTree = "<group>"; };
		2E94AF94208C2E560010DBE7 /* ViewController.m */ = {isa = PBXFileReference; lastKnownFileType = sourcecode.c.objc; path = ViewController.m; sourceTree = "<group>"; };
		2E94AF97208C2E560010DBE7 /* Base */ = {isa = PBXFileReference; lastKnownFileType = file.storyboard; name = Base; path = Base.lproj/Main.storyboard; sourceTree = "<group>"; };
		2E94AF99208C2E570010DBE7 /* Assets.xcassets */ = {isa = PBXFileReference; lastKnownFileType = folder.assetcatalog; path = Assets.xcassets; sourceTree = "<group>"; };
		2E94AF9C208C2E570010DBE7 /* Base */ = {isa = PBXFileReference; lastKnownFileType = file.storyboard; name = Base; path = Base.lproj/LaunchScreen.storyboard; sourceTree = "<group>"; };
		2E94AF9E208C2E570010DBE7 /* Info.plist */ = {isa = PBXFileReference; lastKnownFileType = text.plist.xml; path = Info.plist; sourceTree = "<group>"; };
		2E94AF9F208C2E570010DBE7 /* main.m */ = {isa = PBXFileReference; lastKnownFileType = sourcecode.c.objc; path = main.m; sourceTree = "<group>"; };
		2E94AFA5208C2E570010DBE7 /* GCDTestTests.xctest */ = {isa = PBXFileReference; explicitFileType = wrapper.cfbundle; includeInIndex = 0; path = GCDTestTests.xctest; sourceTree = BUILT_PRODUCTS_DIR; };
		2E94AFA9208C2E570010DBE7 /* GCDTestTests.m */ = {isa = PBXFileReference; lastKnownFileType = sourcecode.c.objc; path = GCDTestTests.m; sourceTree = "<group>"; };
		2E94AFAB208C2E570010DBE7 /* Info.plist */ = {isa = PBXFileReference; lastKnownFileType = text.plist.xml; path = Info.plist; sourceTree = "<group>"; };
		2E94AFB0208C2E570010DBE7 /* GCDTestUITests.xctest */ = {isa = PBXFileReference; explicitFileType = wrapper.cfbundle; includeInIndex = 0; path = GCDTestUITests.xctest; sourceTree = BUILT_PRODUCTS_DIR; };
		2E94AFB4208C2E570010DBE7 /* GCDTestUITests.m */ = {isa = PBXFileReference; lastKnownFileType = sourcecode.c.objc; path = GCDTestUITests.m; sourceTree = "<group>"; };
		2E94AFB6208C2E570010DBE7 /* Info.plist */ = {isa = PBXFileReference; lastKnownFileType = text.plist.xml; path = Info.plist; sourceTree = "<group>"; };
/* End PBXFileReference section */

/* Begin PBXFrameworksBuildPhase section */
		2E94AF8A208C2E560010DBE7 /* Frameworks */ = {
			isa = PBXFrameworksBuildPhase;
			buildActionMask = 2147483647;
			files = (
			);
			runOnlyForDeploymentPostprocessing = 0;
		};
		2E94AFA2208C2E570010DBE7 /* Frameworks */ = {
			isa = PBXFrameworksBuildPhase;
			buildActionMask = 2147483647;
			files = (
			);
			runOnlyForDeploymentPostprocessing = 0;
		};
		2E94AFAD208C2E570010DBE7 /* Frameworks */ = {
			isa = PBXFrameworksBuildPhase;
			buildActionMask = 2147483647;
			files = (
			);
			runOnlyForDeploymentPostprocessing = 0;
		};
/* End PBXFrameworksBuildPhase section */

/* Begin PBXGroup section */
		2E94AF84208C2E560010DBE7 = {
			isa = PBXGroup;
			children = (
				2E94AF8F208C2E560010DBE7 /* GCDTest */,
				2E94AFA8208C2E570010DBE7 /* GCDTestTests */,
				2E94AFB3208C2E570010DBE7 /* GCDTestUITests */,
				2E94AF8E208C2E560010DBE7 /* Products */,
			);
			sourceTree = "<group>";
		};
		2E94AF8E208C2E560010DBE7 /* Products */ = {
			isa = PBXGroup;
			children = (
				2E94AF8D208C2E560010DBE7 /* GCDTest.app */,
				2E94AFA5208C2E570010DBE7 /* GCDTestTests.xctest */,
				2E94AFB0208C2E570010DBE7 /* GCDTestUITests.xctest */,
			);
			name = Products;
			sourceTree = "<group>";
		};
		2E94AF8F208C2E560010DBE7 /* GCDTest */ = {
			isa = PBXGroup;
			children = (
				2E94AF90208C2E560010DBE7 /* AppDelegate.h */,
				2E94AF91208C2E560010DBE7 /* AppDelegate.m */,
				2E94AF93208C2E560010DBE7 /* ViewController.h */,
				2E94AF94208C2E560010DBE7 /* ViewController.m */,
				2E94AF96208C2E560010DBE7 /* Main.storyboard */,
				2E94AF99208C2E570010DBE7 /* Assets.xcassets */,
				2E94AF9B208C2E570010DBE7 /* LaunchScreen.storyboard */,
				2E94AF9E208C2E570010DBE7 /* Info.plist */,
				2E94AF9F208C2E570010DBE7 /* main.m */,
			);
			path = GCDTest;
			sourceTree = "<group>";
		};
		2E94AFA8208C2E570010DBE7 /* GCDTestTests */ = {
			isa = PBXGroup;
			children = (
				2E94AFA9208C2E570010DBE7 /* GCDTestTests.m */,
				2E94AFAB208C2E570010DBE7 /* Info.plist */,
			);
			path = GCDTestTests;
			sourceTree = "<group>";
		};
		2E94AFB3208C2E570010DBE7 /* GCDTestUITests */ = {
			isa = PBXGroup;
			children = (
				2E94AFB4208C2E570010DBE7 /* GCDTestUITests.m */,
				2E94AFB6208C2E570010DBE7 /* Info.plist */,
			);
			path = GCDTestUITests;
			sourceTree = "<group>";
		};
/* End PBXGroup section */

/* Begin PBXNativeTarget section */
		2E94AF8C208C2E560010DBE7 /* GCDTest */ = {
			isa = PBXNativeTarget;
			buildConfigurationList = 2E94AFB9208C2E570010DBE7 /* Build configuration list for PBXNativeTarget "GCDTest" */;
			buildPhases = (
				2E94AF89208C2E560010DBE7 /* Sources */,
				2E94AF8A208C2E560010DBE7 /* Frameworks */,
				2E94AF8B208C2E560010DBE7 /* Resources */,
			);
			buildRules = (
			);
			dependencies = (
			);
			name = GCDTest;
			productName = GCDTest;
			productReference = 2E94AF8D208C2E560010DBE7 /* GCDTest.app */;
			productType = "com.apple.product-type.application";
		};
		2E94AFA4208C2E570010DBE7 /* GCDTestTests */ = {
			isa = PBXNativeTarget;
			buildConfigurationList = 2E94AFBC208C2E570010DBE7 /* Build configuration list for PBXNativeTarget "GCDTestTests" */;
			buildPhases = (
				2E94AFA1208C2E570010DBE7 /* Sources */,
				2E94AFA2208C2E570010DBE7 /* Frameworks */,
				2E94AFA3208C2E570010DBE7 /* Resources */,
			);
			buildRules = (
			);
			dependencies = (
				2E94AFA7208C2E570010DBE7 /* PBXTargetDependency */,
			);
			name = GCDTestTests;
			productName = GCDTestTests;
			productReference = 2E94AFA5208C2E570010DBE7 /* GCDTestTests.xctest */;
			productType = "com.apple.product-type.bundle.unit-test";
		};
		2E94AFAF208C2E570010DBE7 /* GCDTestUITests */ = {
			isa = PBXNativeTarget;
			buildConfigurationList = 2E94AFBF208C2E570010DBE7 /* Build configuration list for PBXNativeTarget "GCDTestUITests" */;
			buildPhases = (
				2E94AFAC208C2E570010DBE7 /* Sources */,
				2E94AFAD208C2E570010DBE7 /* Frameworks */,
				2E94AFAE208C2E570010DBE7 /* Resources */,
			);
			buildRules = (
			);
			dependencies = (
				2E94AFB2208C2E570010DBE7 /* PBXTargetDependency */,
			);
			name = GCDTestUITests;
			productName = GCDTestUITests;
			productReference = 2E94AFB0208C2E570010DBE7 /* GCDTestUITests.xctest */;
			productType = "com.apple.product-type.bundle.ui-testing";
		};
/* End PBXNativeTarget section */

/* Begin PBXProject section */
		2E94AF85208C2E560010DBE7 /* Project object */ = {
			isa = PBXProject;
			attributes = {
				LastUpgradeCheck = 0930;
				ORGANIZATIONNAME = "hu ping kang";
				TargetAttributes = {
					2E94AF8C208C2E560010DBE7 = {
						CreatedOnToolsVersion = 9.3;
					};
					2E94AFA4208C2E570010DBE7 = {
						CreatedOnToolsVersion = 9.3;
						TestTargetID = 2E94AF8C208C2E560010DBE7;
					};
					2E94AFAF208C2E570010DBE7 = {
						CreatedOnToolsVersion = 9.3;
						TestTargetID = 2E94AF8C208C2E560010DBE7;
					};
				};
			};
			buildConfigurationList = 2E94AF88208C2E560010DBE7 /* Build configuration list for PBXProject "GCDTest" */;
			compatibilityVersion = "Xcode 9.3";
			developmentRegion = en;
			hasScannedForEncodings = 0;
			knownRegions = (
				en,
				Base,
			);
			mainGroup = 2E94AF84208C2E560010DBE7;
			productRefGroup = 2E94AF8E208C2E560010DBE7 /* Products */;
			projectDirPath = "";
			projectRoot = "";
			targets = (
				2E94AF8C208C2E560010DBE7 /* GCDTest */,
				2E94AFA4208C2E570010DBE7 /* GCDTestTests */,
				2E94AFAF208C2E570010DBE7 /* GCDTestUITests */,
			);
		};
/* End PBXProject section */

/* Begin PBXResourcesBuildPhase section */
		2E94AF8B208C2E560010DBE7 /* Resources */ = {
			isa = PBXResourcesBuildPhase;
			buildActionMask = 2147483647;
			files = (
				2E94AF9D208C2E570010DBE7 /* LaunchScreen.storyboard in Resources */,
				2E94AF9A208C2E570010DBE7 /* Assets.xcassets in Resources */,
				2E94AF98208C2E560010DBE7 /* Main.storyboard in Resources */,
			);
			runOnlyForDeploymentPostprocessing = 0;
		};
		2E94AFA3208C2E570010DBE7 /* Resources */ = {
			isa = PBXResourcesBuildPhase;
			buildActionMask = 2147483647;
			files = (
			);
			runOnlyForDeploymentPostprocessing = 0;
		};
		2E94AFAE208C2E570010DBE7 /* Resources */ = {
			isa = PBXResourcesBuildPhase;
			buildActionMask = 2147483647;
			files = (
			);
			runOnlyForDeploymentPostprocessing = 0;
		};
/* End PBXResourcesBuildPhase section */

/* Begin PBXSourcesBuildPhase section */
		2E94AF89208C2E560010DBE7 /* Sources */ = {
			isa = PBXSourcesBuildPhase;
			buildActionMask = 2147483647;
			files = (
				2E94AF95208C2E560010DBE7 /* ViewController.m in Sources */,
				2E94AFA0208C2E570010DBE7 /* main.m in Sources */,
				2E94AF92208C2E560010DBE7 /* AppDelegate.m in Sources */,
			);
			runOnlyForDeploymentPostprocessing = 0;
		};
		2E94AFA1208C2E570010DBE7 /* Sources */ = {
			isa = PBXSourcesBuildPhase;
			buildActionMask = 2147483647;
			files = (
				2E94AFAA208C2E570010DBE7 /* GCDTestTests.m in Sources */,
			);
			runOnlyForDeploymentPostprocessing = 0;
		};
		2E94AFAC208C2E570010DBE7 /* Sources */ = {
			isa = PBXSourcesBuildPhase;
			buildActionMask = 2147483647;
			files = (
				2E94AFB5208C2E570010DBE7 /* GCDTestUITests.m in Sources */,
			);
			runOnlyForDeploymentPostprocessing = 0;
		};
/* End PBXSourcesBuildPhase section */

/* Begin PBXTargetDependency section */
		2E94AFA7208C2E570010DBE7 /* PBXTargetDependency */ = {
			isa = PBXTargetDependency;
			target = 2E94AF8C208C2E560010DBE7 /* GCDTest */;
			targetProxy = 2E94AFA6208C2E570010DBE7 /* PBXContainerItemProxy */;
		};
		2E94AFB2208C2E570010DBE7 /* PBXTargetDependency */ = {
			isa = PBXTargetDependency;
			target = 2E94AF8C208C2E560010DBE7 /* GCDTest */;
			targetProxy = 2E94AFB1208C2E570010DBE7 /* PBXContainerItemProxy */;
		};
/* End PBXTargetDependency section */

/* Begin PBXVariantGroup section */
		2E94AF96208C2E560010DBE7 /* Main.storyboard */ = {
			isa = PBXVariantGroup;
			children = (
				2E94AF97208C2E560010DBE7 /* Base */,
			);
			name = Main.storyboard;
			sourceTree = "<group>";
		};
		2E94AF9B208C2E570010DBE7 /* LaunchScreen.storyboard */ = {
			isa = PBXVariantGroup;
			children = (
				2E94AF9C208C2E570010DBE7 /* Base */,
			);
			name = LaunchScreen.storyboard;
			sourceTree = "<group>";
		};
/* End PBXVariantGroup section */

/* Begin XCBuildConfiguration section */
		2E94AFB7208C2E570010DBE7 /* Debug */ = {
			isa = XCBuildConfiguration;
			buildSettings = {
				ALWAYS_SEARCH_USER_PATHS = NO;
				CLANG_ANALYZER_NONNULL = YES;
				CLANG_ANALYZER_NUMBER_OBJECT_CONVERSION = YES_AGGRESSIVE;
				CLANG_CXX_LANGUAGE_STANDARD = "gnu++14";
				CLANG_CXX_LIBRARY = "libc++";
				CLANG_ENABLE_MODULES = YES;
				CLANG_ENABLE_OBJC_ARC = YES;
				CLANG_ENABLE_OBJC_WEAK = YES;
				CLANG_WARN_BLOCK_CAPTURE_AUTORELEASING = YES;
				CLANG_WARN_BOOL_CONVERSION = YES;
				CLANG_WARN_COMMA = YES;
				CLANG_WARN_CONSTANT_CONVERSION = YES;
				CLANG_WARN_DEPRECATED_OBJC_IMPLEMENTATIONS = YES;
				CLANG_WARN_DIRECT_OBJC_ISA_USAGE = YES_ERROR;
				CLANG_WARN_DOCUMENTATION_COMMENTS = YES;
				CLANG_WARN_EMPTY_BODY = YES;
				CLANG_WARN_ENUM_CONVERSION = YES;
				CLANG_WARN_INFINITE_RECURSION = YES;
				CLANG_WARN_INT_CONVERSION = YES;
				CLANG_WARN_NON_LITERAL_NULL_CONVERSION = YES;
				CLANG_WARN_OBJC_IMPLICIT_RETAIN_SELF = YES;
				CLANG_WARN_OBJC_LITERAL_CONVERSION = YES;
				CLANG_WARN_OBJC_ROOT_CLASS = YES_ERROR;
				CLANG_WARN_RANGE_LOOP_ANALYSIS = YES;
				CLANG_WARN_STRICT_PROTOTYPES = YES;
				CLANG_WARN_SUSPICIOUS_MOVE = YES;
				CLANG_WARN_UNGUARDED_AVAILABILITY = YES_AGGRESSIVE;
				CLANG_WARN_UNREACHABLE_CODE = YES;
				CLANG_WARN__DUPLICATE_METHOD_MATCH = YES;
				CODE_SIGN_IDENTITY = "iPhone Developer";
				COPY_PHASE_STRIP = NO;
				DEBUG_INFORMATION_FORMAT = dwarf;
				ENABLE_STRICT_OBJC_MSGSEND = YES;
				ENABLE_TESTABILITY = YES;
				GCC_C_LANGUAGE_STANDARD = gnu11;
				GCC_DYNAMIC_NO_PIC = NO;
				GCC_NO_COMMON_BLOCKS = YES;
				GCC_OPTIMIZATION_LEVEL = 0;
				GCC_PREPROCESSOR_DEFINITIONS = (
					"DEBUG=1",
					"$(inherited)",
				);
				GCC_WARN_64_TO_32_BIT_CONVERSION = YES;
				GCC_WARN_ABOUT_RETURN_TYPE = YES_ERROR;
				GCC_WARN_UNDECLARED_SELECTOR = YES;
				GCC_WARN_UNINITIALIZED_AUTOS = YES_AGGRESSIVE;
				GCC_WARN_UNUSED_FUNCTION = YES;
				GCC_WARN_UNUSED_VARIABLE = YES;
				IPHONEOS_DEPLOYMENT_TARGET = 11.3;
				MTL_ENABLE_DEBUG_INFO = YES;
				ONLY_ACTIVE_ARCH = YES;
				SDKROOT = iphoneos;
			};
			name = Debug;
		};
		2E94AFB8208C2E570010DBE7 /* Release */ = {
			isa = XCBuildConfiguration;
			buildSettings = {
				ALWAYS_SEARCH_USER_PATHS = NO;
				CLANG_ANALYZER_NONNULL = YES;
				CLANG_ANALYZER_NUMBER_OBJECT_CONVERSION = YES_AGGRESSIVE;
				CLANG_CXX_LANGUAGE_STANDARD = "gnu++14";
				CLANG_CXX_LIBRARY = "libc++";
				CLANG_ENABLE_MODULES = YES;
				CLANG_ENABLE_OBJC_ARC = YES;
				CLANG_ENABLE_OBJC_WEAK = YES;
				CLANG_WARN_BLOCK_CAPTURE_AUTORELEASING = YES;
				CLANG_WARN_BOOL_CONVERSION = YES;
				CLANG_WARN_COMMA = YES;
				CLANG_WARN_CONSTANT_CONVERSION = YES;
				CLANG_WARN_DEPRECATED_OBJC_IMPLEMENTATIONS = YES;
				CLANG_WARN_DIRECT_OBJC_ISA_USAGE = YES_ERROR;
				CLANG_WARN_DOCUMENTATION_COMMENTS = YES;
				CLANG_WARN_EMPTY_BODY = YES;
				CLANG_WARN_ENUM_CONVERSION = YES;
				CLANG_WARN_INFINITE_RECURSION = YES;
				CLANG_WARN_INT_CONVERSION = YES;
				CLANG_WARN_NON_LITERAL_NULL_CONVERSION = YES;
				CLANG_WARN_OBJC_IMPLICIT_RETAIN_SELF = YES;
				CLANG_WARN_OBJC_LITERAL_CONVERSION = YES;
				CLANG_WARN_OBJC_ROOT_CLASS = YES_ERROR;
				CLANG_WARN_RANGE_LOOP_ANALYSIS = YES;
				CLANG_WARN_STRICT_PROTOTYPES = YES;
				CLANG_WARN_SUSPICIOUS_MOVE = YES;
				CLANG_WARN_UNGUARDED_AVAILABILITY = YES_AGGRESSIVE;
				CLANG_WARN_UNREACHABLE_CODE = YES;
				CLANG_WARN__DUPLICATE_METHOD_MATCH = YES;
				CODE_SIGN_IDENTITY = "iPhone Developer";
				COPY_PHASE_STRIP = NO;
				DEBUG_INFORMATION_FORMAT = "dwarf-with-dsym";
				ENABLE_NS_ASSERTIONS = NO;
				ENABLE_STRICT_OBJC_MSGSEND = YES;
				GCC_C_LANGUAGE_STANDARD = gnu11;
				GCC_NO_COMMON_BLOCKS = YES;
				GCC_WARN_64_TO_32_BIT_CONVERSION = YES;
				GCC_WARN_ABOUT_RETURN_TYPE = YES_ERROR;
				GCC_WARN_UNDECLARED_SELECTOR = YES;
				GCC_WARN_UNINITIALIZED_AUTOS = YES_AGGRESSIVE;
				GCC_WARN_UNUSED_FUNCTION = YES;
				GCC_WARN_UNUSED_VARIABLE = YES;
				IPHONEOS_DEPLOYMENT_TARGET = 11.3;
				MTL_ENABLE_DEBUG_INFO = NO;
				SDKROOT = iphoneos;
				VALIDATE_PRODUCT = YES;
			};
			name = Release;
		};
		2E94AFBA208C2E570010DBE7 /* Debug */ = {
			isa = XCBuildConfiguration;
			buildSettings = {
				ASSETCATALOG_COMPILER_APPICON_NAME = AppIcon;
				CODE_SIGN_STYLE = Automatic;
				INFOPLIST_FILE = GCDTest/Info.plist;
				LD_RUNPATH_SEARCH_PATHS = (
					"$(inherited)",
					"@executable_path/Frameworks",
				);
				PRODUCT_BUNDLE_IDENTIFIER = hpk.GCDTest;
				PRODUCT_NAME = "$(TARGET_NAME)";
				TARGETED_DEVICE_FAMILY = "1,2";
			};
			name = Debug;
		};
		2E94AFBB208C2E570010DBE7 /* Release */ = {
			isa = XCBuildConfiguration;
			buildSettings = {
				ASSETCATALOG_COMPILER_APPICON_NAME = AppIcon;
				CODE_SIGN_STYLE = Automatic;
				INFOPLIST_FILE = GCDTest/Info.plist;
				LD_RUNPATH_SEARCH_PATHS = (
					"$(inherited)",
					"@executable_path/Frameworks",
				);
				PRODUCT_BUNDLE_IDENTIFIER = hpk.GCDTest;
				PRODUCT_NAME = "$(TARGET_NAME)";
				TARGETED_DEVICE_FAMILY = "1,2";
			};
			name = Release;
		};
		2E94AFBD208C2E570010DBE7 /* Debug */ = {
			isa = XCBuildConfiguration;
			buildSettings = {
				BUNDLE_LOADER = "$(TEST_HOST)";
				CODE_SIGN_STYLE = Automatic;
				INFOPLIST_FILE = GCDTestTests/Info.plist;
				LD_RUNPATH_SEARCH_PATHS = (
					"$(inherited)",
					"@executable_path/Frameworks",
					"@loader_path/Frameworks",
				);
				PRODUCT_BUNDLE_IDENTIFIER = hpk.GCDTestTests;
				PRODUCT_NAME = "$(TARGET_NAME)";
				TARGETED_DEVICE_FAMILY = "1,2";
				TEST_HOST = "$(BUILT_PRODUCTS_DIR)/GCDTest.app/GCDTest";
			};
			name = Debug;
		};
		2E94AFBE208C2E570010DBE7 /* Release */ = {
			isa = XCBuildConfiguration;
			buildSettings = {
				BUNDLE_LOADER = "$(TEST_HOST)";
				CODE_SIGN_STYLE = Automatic;
				INFOPLIST_FILE = GCDTestTests/Info.plist;
				LD_RUNPATH_SEARCH_PATHS = (
					"$(inherited)",
					"@executable_path/Frameworks",
					"@loader_path/Frameworks",
				);
				PRODUCT_BUNDLE_IDENTIFIER = hpk.GCDTestTests;
				PRODUCT_NAME = "$(TARGET_NAME)";
				TARGETED_DEVICE_FAMILY = "1,2";
				TEST_HOST = "$(BUILT_PRODUCTS_DIR)/GCDTest.app/GCDTest";
			};
			name = Release;
		};
		2E94AFC0208C2E570010DBE7 /* Debug */ = {
			isa = XCBuildConfiguration;
			buildSettings = {
				CODE_SIGN_STYLE = Automatic;
				INFOPLIST_FILE = GCDTestUITests/Info.plist;
				LD_RUNPATH_SEARCH_PATHS = (
					"$(inherited)",
					"@executable_path/Frameworks",
					"@loader_path/Frameworks",
				);
				PRODUCT_BUNDLE_IDENTIFIER = hpk.GCDTestUITests;
				PRODUCT_NAME = "$(TARGET_NAME)";
				TARGETED_DEVICE_FAMILY = "1,2";
				TEST_TARGET_NAME = GCDTest;
			};
			name = Debug;
		};
		2E94AFC1208C2E570010DBE7 /* Release */ = {
			isa = XCBuildConfiguration;
			buildSettings = {
				CODE_SIGN_STYLE = Automatic;
				INFOPLIST_FILE = GCDTestUITests/Info.plist;
				LD_RUNPATH_SEARCH_PATHS = (
					"$(inherited)",
					"@executable_path/Frameworks",
					"@loader_path/Frameworks",
				);
				PRODUCT_BUNDLE_IDENTIFIER = hpk.GCDTestUITests;
				PRODUCT_NAME = "$(TARGET_NAME)";
				TARGETED_DEVICE_FAMILY = "1,2";
				TEST_TARGET_NAME = GCDTest;
			};
			name = Release;
		};
/* End XCBuildConfiguration section */

/* Begin XCConfigurationList section */
		2E94AF88208C2E560010DBE7 /* Build configuration list for PBXProject "GCDTest" */ = {
			isa = XCConfigurationList;
			buildConfigurations = (
				2E94AFB7208C2E570010DBE7 /* Debug */,
				2E94AFB8208C2E570010DBE7 /* Release */,
			);
			defaultConfigurationIsVisible = 0;
			defaultConfigurationName = Release;
		};
		2E94AFB9208C2E570010DBE7 /* Build configuration list for PBXNativeTarget "GCDTest" */ = {
			isa = XCConfigurationList;
			buildConfigurations = (
				2E94AFBA208C2E570010DBE7 /* Debug */,
				2E94AFBB208C2E570010DBE7 /* Release */,
			);
			defaultConfigurationIsVisible = 0;
			defaultConfigurationName = Release;
		};
		2E94AFBC208C2E570010DBE7 /* Build configuration list for PBXNativeTarget "GCDTestTests" */ = {
			isa = XCConfigurationList;
			buildConfigurations = (
				2E94AFBD208C2E570010DBE7 /* Debug */,
				2E94AFBE208C2E570010DBE7 /* Release */,
			);
			defaultConfigurationIsVisible = 0;
			defaultConfigurationName = Release;
		};
		2E94AFBF208C2E570010DBE7 /* Build configuration list for PBXNativeTarget "GCDTestUITests" */ = {
			isa = XCConfigurationList;
			buildConfigurations = (
				2E94AFC0208C2E570010DBE7 /* Debug */,
				2E94AFC1208C2E570010DBE7 /* Release */,
			);
			defaultConfigurationIsVisible = 0;
			defaultConfigurationName = Release;
		};
/* End XCConfigurationList section */
	};
	rootObject = 2E94AF85208C2E560010DBE7 /* Project object */;
}
